
Microsoft Visual Studio Solution File, Format Version 12.00
# Visual Studio Version 16
VisualStudioVersion = 16.0.30804.86
MinimumVisualStudioVersion = 10.0.40219.1
Project("{FAE04EC0-301F-11D3-BF4B-00C04F79EFBC}") = "ForumSiteAPI", "ForumSiteAPI\ForumSiteAPI.csproj", "{FA6E1FE9-0F23-42CA-BD8C-A2DBA23C05C4}"
EndProject
Project("{9A19103F-16F7-4668-BE54-9A1E7A4F7556}") = "PostDataAccess", "PostDataAccess\PostDataAccess.csproj", "{7F5A503D-F6D2-40DE-B6BE-9B00F2975252}"
EndProject
Global
	GlobalSection(SolutionConfigurationPlatforms) = preSolution
		Debug|Any CPU = Debug|Any CPU
		Release|Any CPU = Release|Any CPU
	EndGlobalSection
	GlobalSection(ProjectConfigurationPlatforms) = postSolution
		{FA6E1FE9-0F23-42CA-BD8C-A2DBA23C05C4}.Debug|Any CPU.ActiveCfg = Debug|Any CPU
		{FA6E1FE9-0F23-42CA-BD8C-A2DBA23C05C4}.Debug|Any CPU.Build.0 = Debug|Any CPU
		{FA6E1FE9-0F23-42CA-BD8C-A2DBA23C05C4}.Release|Any CPU.ActiveCfg = Release|Any CPU
		{FA6E1FE9-0F23-42CA-BD8C-A2DBA23C05C4}.Release|Any CPU.Build.0 = Release|Any CPU
		{7F5A503D-F6D2-40DE-B6BE-9B00F2975252}.Debug|Any CPU.ActiveCfg = Debug|Any CPU
		{7F5A503D-F6D2-40DE-B6BE-9B00F2975252}.Debug|Any CPU.Build.0 = Debug|Any CPU
		{7F5A503D-F6D2-40DE-B6BE-9B00F2975252}.Release|Any CPU.ActiveCfg = Release|Any CPU
		{7F5A503D-F6D2-40DE-B6BE-9B00F2975252}.Release|Any CPU.Build.0 = Release|Any CPU
	EndGlobalSection
	GlobalSection(SolutionProperties) = preSolution
		HideSolutionNode = FALSE
	EndGlobalSection
	GlobalSection(ExtensibilityGlobals) = postSolution
		SolutionGuid = {01E25671-FBDC-49BF-B524-532403A7A134}
	EndGlobalSection
EndGlobal
